{
  "name": "gta-web-components",
  "version": "0.0.1",
  "lockfileVersion": 1,
  "requires": true,
  "dependencies": {
    "@jest/types": {
      "version": "26.6.2",
      "resolved": "https://registry.npmjs.org/@jest/types/-/types-26.6.2.tgz",
      "integrity": "sha512-fC6QCp7Sc5sX6g8Tvbmj4XUTbyrik0akgRy03yjXbQaBWWNWGE7SGtJk98m0N8nzegD/7SggrUlivxo5ax4KWQ==",
      "dev": true,
      "requires": {
        "@types/istanbul-lib-coverage": "^2.0.0",
        "@types/istanbul-reports": "^3.0.0",
        "@types/node": "*",
        "@types/yargs": "^15.0.0",
        "chalk": "^4.0.0"
      }
    },
    "@material/animation": {
      "version": "10.0.0",
      "resolved": "https://registry.npmjs.org/@material/animation/-/animation-10.0.0.tgz",
      "integrity": "sha512-5e8e+W+n105rfSTRI5Mfmh9VMqzNG8+OhxjfDr7k0lYCfjbkT8LsAInonC5EotJzcaxD0vtDUqRqdW8xKIXNWg==",
      "requires": {
        "tslib": "^1.9.3"
      }
    },
    "@material/base": {
      "version": "10.0.0",
      "resolved": "https://registry.npmjs.org/@material/base/-/base-10.0.0.tgz",
      "integrity": "sha512-PQWNSsNYVvMcWKsRFHgs5JjsHuv6cTogdlp9uhx5ChdLNCkflpXlMKJ7aYfcl56fdLntWQbxXowLh1JAfrTrmg==",
      "requires": {
        "tslib": "^1.9.3"
      }
    },
    "@material/button": {
      "version": "10.0.0",
      "resolved": "https://registry.npmjs.org/@material/button/-/button-10.0.0.tgz",
      "integrity": "sha512-OHIJtlyM+U+MqvPm0N0y9kHf+SFS0I7zE520MulQJywgZhHmU+mz2kwgy+tVxOTceVglQzRZP3KkrwUkf4U0bg==",
      "requires": {
        "@material/density": "^10.0.0",
        "@material/dom": "^10.0.0",
        "@material/elevation": "^10.0.0",
        "@material/feature-targeting": "^10.0.0",
        "@material/ripple": "^10.0.0",
        "@material/rtl": "^10.0.0",
        "@material/shape": "^10.0.0",
        "@material/theme": "^10.0.0",
        "@material/touch-target": "^10.0.0",
        "@material/typography": "^10.0.0"
      }
    },
    "@material/density": {
      "version": "10.0.0",
      "resolved": "https://registry.npmjs.org/@material/density/-/density-10.0.0.tgz",
      "integrity": "sha512-nLf8N5e6tEYo+W762z3coTDl2b1FFKJv/uU+E5UsBYOL0ftXrOMtiYSwg9MJjfWtdG+uUBfb3VLcBvIl2x3C0w=="
    },
    "@material/dialog": {
      "version": "10.0.0",
      "requires": {
        "@material/animation": "^10.0.0",
        "@material/base": "^10.0.0",
        "@material/button": "^10.0.0",
        "@material/dom": "^10.0.0",
        "@material/elevation": "^10.0.0",
        "@material/feature-targeting": "^10.0.0",
        "@material/icon-button": "^10.0.0",
        "@material/ripple": "^10.0.0",
        "@material/rtl": "^10.0.0",
        "@material/shape": "^10.0.0",
        "@material/theme": "^10.0.0",
        "@material/touch-target": "^10.0.0",
        "@material/typography": "^10.0.0",
        "tslib": "^1.9.3"
      }
    },
    "@material/dom": {
      "version": "10.0.0",
      "resolved": "https://registry.npmjs.org/@material/dom/-/dom-10.0.0.tgz",
      "integrity": "sha512-rimaFIRsbacSjnk/1IqQZLOjoIWYhmuR6AZR35nkeAYg0H3DmLuNTGyAgsMaC8O/1vBcAp+c4N9WASkITCOE5A==",
      "requires": {
        "@material/feature-targeting": "^10.0.0",
        "tslib": "^1.9.3"
      }
    },
    "@material/elevation": {
      "version": "10.0.0",
      "resolved": "https://registry.npmjs.org/@material/elevation/-/elevation-10.0.0.tgz",
      "integrity": "sha512-D/CeTIkRmV9iLJDzUnKSt2FTM7SLv3ixQjindNaAEAaCdsaoUfx6Q2dRAlqQOL0y6yeTvvpxK9IFwu411J3xXw==",
      "requires": {
        "@material/animation": "^10.0.0",
        "@material/base": "^10.0.0",
        "@material/feature-targeting": "^10.0.0",
        "@material/theme": "^10.0.0"
      }
    },
    "@material/feature-targeting": {
      "version": "10.0.0",
      "resolved": "https://registry.npmjs.org/@material/feature-targeting/-/feature-targeting-10.0.0.tgz",
      "integrity": "sha512-Pn48jeeD2ScMq0NoR0k9SeC3UFOOTarKNIYxL+TkFRLGks/TgFoSIDRwXCzva/9umw9/Q2xOWrY/Gqs1zBIgOA=="
    },
    "@material/icon-button": {
      "version": "10.0.0",
      "resolved": "https://registry.npmjs.org/@material/icon-button/-/icon-button-10.0.0.tgz",
      "integrity": "sha512-e7oQq2LlUA+UGGzlgvityPV+bTRJ7sFs8grlwM0C86adXzc/6nYBNmmgcqUpQDiCtBj5Dqo8oQSUVGRkHIqEiQ==",
      "requires": {
        "@material/base": "^10.0.0",
        "@material/density": "^10.0.0",
        "@material/feature-targeting": "^10.0.0",
        "@material/ripple": "^10.0.0",
        "@material/rtl": "^10.0.0",
        "@material/theme": "^10.0.0",
        "tslib": "^1.9.3"
      }
    },
    "@material/ripple": {
      "version": "10.0.0",
      "resolved": "https://registry.npmjs.org/@material/ripple/-/ripple-10.0.0.tgz",
      "integrity": "sha512-KZPJ6YvLFJKkulUemKFq/Y3h9/Pbta+zOjBN1ZoeiP5++5thfsMJuL+L2bWa4GqUjSj66xW75LQrxX/ammCYzw==",
      "requires": {
        "@material/animation": "^10.0.0",
        "@material/base": "^10.0.0",
        "@material/dom": "^10.0.0",
        "@material/feature-targeting": "^10.0.0",
        "@material/theme": "^10.0.0",
        "tslib": "^1.9.3"
      }
    },
    "@material/rtl": {
      "version": "10.0.0",
      "resolved": "https://registry.npmjs.org/@material/rtl/-/rtl-10.0.0.tgz",
      "integrity": "sha512-887Dq0JrlRx5uwQ2Ku4Gig0e7iMIdKAAvvk/Wnglo9jFUvJE94rgSyyDLbwsN4vo1s33PwxHK1uWteALkzMQWw==",
      "requires": {
        "@material/theme": "^10.0.0"
      }
    },
    "@material/shape": {
      "version": "10.0.0",
      "resolved": "https://registry.npmjs.org/@material/shape/-/shape-10.0.0.tgz",
      "integrity": "sha512-2zUib2htoZz21ULa9lNd4llGOWlZcGLBKKJdNV6wsyPlqdh6SjEXf3Fz1BrWV6pQVW3fhnhn+oTFLMveV1mMZw==",
      "requires": {
        "@material/feature-targeting": "^10.0.0",
        "@material/rtl": "^10.0.0",
        "@material/theme": "^10.0.0"
      }
    },
    "@material/theme": {
      "version": "10.0.0",
      "resolved": "https://registry.npmjs.org/@material/theme/-/theme-10.0.0.tgz",
      "integrity": "sha512-ll5UFjPR6np4jgTzDQO85VQg6FgLM0Vy1MlyJVRr/kn+2adX5hDxiBOnuC9fTeVhIBBPjbAMOFPa6VhNmAmkvg==",
      "requires": {
        "@material/feature-targeting": "^10.0.0"
      }
    },
    "@material/touch-target": {
      "version": "10.0.0",
      "resolved": "https://registry.npmjs.org/@material/touch-target/-/touch-target-10.0.0.tgz",
      "integrity": "sha512-uDWxktK/CODyNNyvXwzTFXcxqujQrVX3LoIsOXu87Z0fq4n2u74WlemJoniMbVKdsKsiJWcZ1uvrvhSeOdNQ2Q==",
      "requires": {
        "@material/base": "^10.0.0",
        "@material/feature-targeting": "^10.0.0"
      }
    },
    "@material/typography": {
      "version": "10.0.0",
      "resolved": "https://registry.npmjs.org/@material/typography/-/typography-10.0.0.tgz",
      "integrity": "sha512-RtFfL/mfOOkliL/iXY1YPrx8Rw1LZWQC4Jpn2zs04xM+AhhDOcD4Hek5xcvWFjhzEmPUz7yhCTWsMOmVtsXzig==",
      "requires": {
        "@material/feature-targeting": "^10.0.0",
        "@material/theme": "^10.0.0"
      }
    },
    "@stencil/core": {
      "version": "2.4.0"
    },
    "@stencil/sass": {
      "version": "1.4.1"
    },
    "@types/istanbul-lib-coverage": {
      "version": "2.0.3",
      "resolved": "https://registry.npmjs.org/@types/istanbul-lib-coverage/-/istanbul-lib-coverage-2.0.3.tgz",
      "integrity": "sha512-sz7iLqvVUg1gIedBOvlkxPlc8/uVzyS5OwGz1cKjXzkl3FpL3al0crU8YGU1WoHkxn0Wxbw5tyi6hvzJKNzFsw==",
      "dev": true
    },
    "@types/istanbul-lib-report": {
      "version": "3.0.0",
      "resolved": "https://registry.npmjs.org/@types/istanbul-lib-report/-/istanbul-lib-report-3.0.0.tgz",
      "integrity": "sha512-plGgXAPfVKFoYfa9NpYDAkseG+g6Jr294RqeqcqDixSbU34MZVJRi/P+7Y8GDpzkEwLaGZZOpKIEmeVZNtKsrg==",
      "dev": true,
      "requires": {
        "@types/istanbul-lib-coverage": "*"
      }
    },
    "@types/istanbul-reports": {
      "version": "3.0.0",
      "resolved": "https://registry.npmjs.org/@types/istanbul-reports/-/istanbul-reports-3.0.0.tgz",
      "integrity": "sha512-nwKNbvnwJ2/mndE9ItP/zc2TCzw6uuodnF4EHYWD+gCQDVBuRQL5UzbZD0/ezy1iKsFU2ZQiDqg4M9dN4+wZgA==",
      "dev": true,
      "requires": {
        "@types/istanbul-lib-report": "*"
      }
    },
    "@types/jest": {
      "version": "26.0.20",
      "dev": true,
      "requires": {
        "jest-diff": "^26.0.0",
        "pretty-format": "^26.0.0"
      }
    },
    "@types/node": {
      "version": "14.14.35",
      "resolved": "https://registry.npmjs.org/@types/node/-/node-14.14.35.tgz",
      "integrity": "sha512-Lt+wj8NVPx0zUmUwumiVXapmaLUcAk3yPuHCFVXras9k5VT9TdhJqKqGVUQCD60OTMCl0qxJ57OiTL0Mic3Iag==",
      "dev": true
    },
    "@types/yargs": {
      "version": "15.0.13",
      "resolved": "https://registry.npmjs.org/@types/yargs/-/yargs-15.0.13.tgz",
      "integrity": "sha512-kQ5JNTrbDv3Rp5X2n/iUu37IJBDU2gsZ5R/g1/KHOOEc5IKfUFjXT6DENPGduh08I/pamwtEq4oul7gUqKTQDQ==",
      "dev": true,
      "requires": {
        "@types/yargs-parser": "*"
      }
    },
    "@types/yargs-parser": {
      "version": "20.2.0",
      "resolved": "https://registry.npmjs.org/@types/yargs-parser/-/yargs-parser-20.2.0.tgz",
      "integrity": "sha512-37RSHht+gzzgYeobbG+KWryeAW8J33Nhr69cjTqSYymXVZEN9NbRYWoYlRtDhHKPVT1FyNKwaTPC1NynKZpzRA==",
      "dev": true
    },
    "ansi-regex": {
      "version": "5.0.0",
      "resolved": "https://registry.npmjs.org/ansi-regex/-/ansi-regex-5.0.0.tgz",
      "integrity": "sha512-bY6fj56OUQ0hU1KjFNDQuJFezqKdrAyFdIevADiqrWHwSlbmBNMHp5ak2f40Pm8JTFyM2mqxkG6ngkHO11f/lg==",
      "dev": true
    },
    "ansi-styles": {
      "version": "4.3.0",
      "resolved": "https://registry.npmjs.org/ansi-styles/-/ansi-styles-4.3.0.tgz",
      "integrity": "sha512-zbB9rCJAT1rbjiVDb2hqKFHNYLxgtk8NURxZ3IZwD3F6NtxbXZQCnnSi1Lkx+IDohdPlFp222wVALIheZJQSEg==",
      "dev": true,
      "requires": {
        "color-convert": "^2.0.1"
      }
    },
    "chalk": {
      "version": "4.1.0",
      "resolved": "https://registry.npmjs.org/chalk/-/chalk-4.1.0.tgz",
      "integrity": "sha512-qwx12AxXe2Q5xQ43Ac//I6v5aXTipYrSESdOgzrN+9XjgEpyjpKuvSGaN4qE93f7TQTlerQQ8S+EQ0EyDoVL1A==",
      "dev": true,
      "requires": {
        "ansi-styles": "^4.1.0",
        "supports-color": "^7.1.0"
      }
    },
    "color-convert": {
      "version": "2.0.1",
      "resolved": "https://registry.npmjs.org/color-convert/-/color-convert-2.0.1.tgz",
      "integrity": "sha512-RRECPsj7iu/xb5oKYcsFHSppFNnsj/52OVTRKb4zP5onXwVF3zVmmToNcOfGC+CRDpfK/U584fMg38ZHCaElKQ==",
      "dev": true,
      "requires": {
        "color-name": "~1.1.4"
      }
    },
    "color-name": {
      "version": "1.1.4",
      "resolved": "https://registry.npmjs.org/color-name/-/color-name-1.1.4.tgz",
      "integrity": "sha512-dOy+3AuW3a2wNbZHIuMZpTcgjGuLU/uBL/ubcZF9OXbDo8ff4O8yVp5Bf0efS8uEoYo5q4Fx7dY9OgQGXgAsQA==",
      "dev": true
    },
    "diff-sequences": {
      "version": "26.6.2",
      "resolved": "https://registry.npmjs.org/diff-sequences/-/diff-sequences-26.6.2.tgz",
      "integrity": "sha512-Mv/TDa3nZ9sbc5soK+OoA74BsS3mL37yixCvUAQkiuA4Wz6YtwP/K47n2rv2ovzHZvoiQeA5FTQOschKkEwB0Q==",
      "dev": true
    },
    "has-flag": {
      "version": "4.0.0",
      "resolved": "https://registry.npmjs.org/has-flag/-/has-flag-4.0.0.tgz",
      "integrity": "sha512-EykJT/Q1KjTWctppgIAgfSO0tKVuZUjhgMr17kqTumMl6Afv3EISleU7qZUzoXDFTAHTDC4NOoG/ZxU3EvlMPQ==",
      "dev": true
    },
    "jest-diff": {
      "version": "26.6.2",
      "resolved": "https://registry.npmjs.org/jest-diff/-/jest-diff-26.6.2.tgz",
      "integrity": "sha512-6m+9Z3Gv9wN0WFVasqjCL/06+EFCMTqDEUl/b87HYK2rAPTyfz4ZIuSlPhY51PIQRWx5TaxeF1qmXKe9gfN3sA==",
      "dev": true,
      "requires": {
        "chalk": "^4.0.0",
        "diff-sequences": "^26.6.2",
        "jest-get-type": "^26.3.0",
        "pretty-format": "^26.6.2"
      }
    },
    "jest-get-type": {
      "version": "26.3.0",
      "resolved": "https://registry.npmjs.org/jest-get-type/-/jest-get-type-26.3.0.tgz",
      "integrity": "sha512-TpfaviN1R2pQWkIihlfEanwOXK0zcxrKEE4MlU6Tn7keoXdN6/3gK/xl0yEh8DOunn5pOVGKf8hB4R9gVh04ig==",
      "dev": true
    },
    "pretty-format": {
      "version": "26.6.2",
      "resolved": "https://registry.npmjs.org/pretty-format/-/pretty-format-26.6.2.tgz",
      "integrity": "sha512-7AeGuCYNGmycyQbCqd/3PWH4eOoX/OiCa0uphp57NVTeAGdJGaAliecxwBDHYQCIvrW7aDBZCYeNTP/WX69mkg==",
      "dev": true,
      "requires": {
        "@jest/types": "^26.6.2",
        "ansi-regex": "^5.0.0",
        "ansi-styles": "^4.0.0",
        "react-is": "^17.0.1"
      }
    },
    "react-is": {
      "version": "17.0.1",
      "resolved": "https://registry.npmjs.org/react-is/-/react-is-17.0.1.tgz",
      "integrity": "sha512-NAnt2iGDXohE5LI7uBnLnqvLQMtzhkiAOLXTmv+qnF9Ky7xAPcX8Up/xWIhxvLVGJvuLiNc4xQLtuqDRzb4fSA==",
      "dev": true
    },
    "supports-color": {
      "version": "7.2.0",
      "resolved": "https://registry.npmjs.org/supports-color/-/supports-color-7.2.0.tgz",
      "integrity": "sha512-qpCAvRl9stuOHveKsn7HncJRvv501qIacKzQlO/+Lwxc9+0q2wLyv4Dfvt80/DPn2pqOBsJdDiogXGR9+OvwRw==",
      "dev": true,
      "requires": {
        "has-flag": "^4.0.0"
      }
    },
    "tslib": {
      "version": "1.14.1",
      "resolved": "https://registry.npmjs.org/tslib/-/tslib-1.14.1.tgz",
      "integrity": "sha512-Xni35NKzjgMrwevysHTCArtLDpPvye8zV/0E4EyYn43P7/7qvQwPh9BGkHewbMulVntbigmcT7rdX3BNo9wRJg=="
    }
  }
}
